
Microsoft Visual Studio Solution File, Format Version 12.00
# Visual Studio 14
VisualStudioVersion = 14.0.25420.1
MinimumVisualStudioVersion = 10.0.40219.1
Project("{FAE04EC0-301F-11D3-BF4B-00C04F79EFBC}") = "WebApp", "WebApp\WebApp.csproj", "{3106A94B-E77E-4073-838B-0160BE461221}"
EndProject
Project("{FAE04EC0-301F-11D3-BF4B-00C04F79EFBC}") = "NorthwindEntities", "NorthwindEntities\NorthwindEntities.csproj", "{A5D509E8-829D-400B-9DB9-E9A945F6A097}"
EndProject
Project("{FAE04EC0-301F-11D3-BF4B-00C04F79EFBC}") = "NorthwindSystem", "NorthwindSystem\NorthwindSystem.csproj", "{4FCEF96C-73A3-4BF5-993C-70E4432C5D89}"
EndProject
Global
	GlobalSection(SolutionConfigurationPlatforms) = preSolution
		Debug|Any CPU = Debug|Any CPU
		Release|Any CPU = Release|Any CPU
	EndGlobalSection
	GlobalSection(ProjectConfigurationPlatforms) = postSolution
		{3106A94B-E77E-4073-838B-0160BE461221}.Debug|Any CPU.ActiveCfg = Debug|Any CPU
		{3106A94B-E77E-4073-838B-0160BE461221}.Debug|Any CPU.Build.0 = Debug|Any CPU
		{3106A94B-E77E-4073-838B-0160BE461221}.Release|Any CPU.ActiveCfg = Release|Any CPU
		{3106A94B-E77E-4073-838B-0160BE461221}.Release|Any CPU.Build.0 = Release|Any CPU
		{A5D509E8-829D-400B-9DB9-E9A945F6A097}.Debug|Any CPU.ActiveCfg = Debug|Any CPU
		{A5D509E8-829D-400B-9DB9-E9A945F6A097}.Debug|Any CPU.Build.0 = Debug|Any CPU
		{A5D509E8-829D-400B-9DB9-E9A945F6A097}.Release|Any CPU.ActiveCfg = Release|Any CPU
		{A5D509E8-829D-400B-9DB9-E9A945F6A097}.Release|Any CPU.Build.0 = Release|Any CPU
		{4FCEF96C-73A3-4BF5-993C-70E4432C5D89}.Debug|Any CPU.ActiveCfg = Debug|Any CPU
		{4FCEF96C-73A3-4BF5-993C-70E4432C5D89}.Debug|Any CPU.Build.0 = Debug|Any CPU
		{4FCEF96C-73A3-4BF5-993C-70E4432C5D89}.Release|Any CPU.ActiveCfg = Release|Any CPU
		{4FCEF96C-73A3-4BF5-993C-70E4432C5D89}.Release|Any CPU.Build.0 = Release|Any CPU
	EndGlobalSection
	GlobalSection(SolutionProperties) = preSolution
		HideSolutionNode = FALSE
	EndGlobalSection
EndGlobal
